
Microsoft Visual Studio Solution File, Format Version 12.00
Project("{2150E333-8FDC-42A3-9474-1A3956D46DE8}") = "Services", "Services", "{5FE73452-C3C0-44B1-989F-88626CC1F689}"
EndProject
Project("{2150E333-8FDC-42A3-9474-1A3956D46DE8}") = "Catalog", "Catalog", "{D543D6D0-97B6-43C3-BF0E-CBB2D05386AB}"
EndProject
Project("{FAE04EC0-301F-11D3-BF4B-00C04F79EFBC}") = "Catalog.API", "Services\Catalog\Catalog.API\Catalog.API.csproj", "{4F22F930-6406-49BB-8E08-EC3435E5C28C}"
EndProject
Project("{2150E333-8FDC-42A3-9474-1A3956D46DE8}") = "Basket", "Basket", "{6AF3BB59-8449-44CA-9D7A-7CAD083F7F65}"
EndProject
Project("{FAE04EC0-301F-11D3-BF4B-00C04F79EFBC}") = "Basket.API", "Services\Basket\Basket.API\Basket.API.csproj", "{2EC15DD9-B387-42D0-99ED-9EE1DBE18821}"
EndProject
Project("{2150E333-8FDC-42A3-9474-1A3956D46DE8}") = "Discount", "Discount", "{B77DD0DB-EBB9-4C65-9CAE-4EEBE6A0DF7C}"
EndProject
Project("{FAE04EC0-301F-11D3-BF4B-00C04F79EFBC}") = "Discount.API", "Services\Discount\Discount.API\Discount.API.csproj", "{C25FB7C3-1F6F-4143-940B-6E33D0A00EA8}"
EndProject
Project("{FAE04EC0-301F-11D3-BF4B-00C04F79EFBC}") = "Discount.GRPC", "Services\Discount\Discount.GRPC\Discount.GRPC.csproj", "{BEAA207D-B03A-4915-809F-D7A2A128AA8B}"
EndProject
Project("{2150E333-8FDC-42A3-9474-1A3956D46DE8}") = "Ordering", "Ordering", "{F269DE5E-A51E-44B1-AE97-725682A9C084}"
EndProject
Project("{FAE04EC0-301F-11D3-BF4B-00C04F79EFBC}") = "Ordering.API", "Services\Ordering\Ordering.API\Ordering.API.csproj", "{107346AE-3AD4-44AA-9F0A-644ED6CE33E7}"
EndProject
Project("{FAE04EC0-301F-11D3-BF4B-00C04F79EFBC}") = "Ordering.Domain", "Services\Ordering\Ordering.Domain\Ordering.Domain.csproj", "{27A6F56F-597A-44E0-993D-9750EEF64724}"
EndProject
Project("{FAE04EC0-301F-11D3-BF4B-00C04F79EFBC}") = "Ordering.Application", "Services\Ordering\Ordering.Application\Ordering.Application.csproj", "{464B35EF-BF13-493D-86AD-E9C862E3FB27}"
EndProject
Project("{FAE04EC0-301F-11D3-BF4B-00C04F79EFBC}") = "Ordering.Infrastructure", "Services\Ordering\Ordering.Infrastructure\Ordering.Infrastructure.csproj", "{BEAFEC46-8623-4EEB-A012-D6FA3509E991}"
EndProject
Project("{2150E333-8FDC-42A3-9474-1A3956D46DE8}") = "BuildingBlocks", "BuildingBlocks", "{DAFA7CD3-3174-43D5-BC27-716376DB4189}"
EndProject
Project("{FAE04EC0-301F-11D3-BF4B-00C04F79EFBC}") = "EventBus.Messages", "BuildingBlocks\EventBus.Messages\EventBus.Messages.csproj", "{7A165B6B-DAAB-48E3-BE62-A38E351000C7}"
EndProject
Project("{2150E333-8FDC-42A3-9474-1A3956D46DE8}") = "ApiGateways", "ApiGateways", "{C9BBDD45-EDD6-4DFD-BD52-DA6CEA7AD31E}"
EndProject
Project("{FAE04EC0-301F-11D3-BF4B-00C04F79EFBC}") = "OcelotApiGtw", "ApiGateways\OcelotApiGtw\OcelotApiGtw.csproj", "{551D2736-FC14-4AD6-B421-026DD513B5F8}"
EndProject
Project("{FAE04EC0-301F-11D3-BF4B-00C04F79EFBC}") = "Shopping.Aggregator", "ApiGateways\Shopping.Aggregator\Shopping.Aggregator.csproj", "{34B7AD36-16FD-4CB1-84DE-8A855C2F0D88}"
EndProject
Project("{2150E333-8FDC-42A3-9474-1A3956D46DE8}") = "WebApps", "WebApps", "{38386EE7-9633-46A1-86A2-8B8962E41CDF}"
EndProject
Project("{FAE04EC0-301F-11D3-BF4B-00C04F79EFBC}") = "AspnetRunBasics", "WebApps\AspnetRunBasics\AspnetRunBasics.csproj", "{465745E2-04D6-41A5-B7F4-199D4BD012CC}"
EndProject
Global
	GlobalSection(SolutionConfigurationPlatforms) = preSolution
		Debug|Any CPU = Debug|Any CPU
		Release|Any CPU = Release|Any CPU
	EndGlobalSection
	GlobalSection(NestedProjects) = preSolution
		{D543D6D0-97B6-43C3-BF0E-CBB2D05386AB} = {5FE73452-C3C0-44B1-989F-88626CC1F689}
		{4F22F930-6406-49BB-8E08-EC3435E5C28C} = {D543D6D0-97B6-43C3-BF0E-CBB2D05386AB}
		{6AF3BB59-8449-44CA-9D7A-7CAD083F7F65} = {5FE73452-C3C0-44B1-989F-88626CC1F689}
		{2EC15DD9-B387-42D0-99ED-9EE1DBE18821} = {6AF3BB59-8449-44CA-9D7A-7CAD083F7F65}
		{B77DD0DB-EBB9-4C65-9CAE-4EEBE6A0DF7C} = {5FE73452-C3C0-44B1-989F-88626CC1F689}
		{C25FB7C3-1F6F-4143-940B-6E33D0A00EA8} = {B77DD0DB-EBB9-4C65-9CAE-4EEBE6A0DF7C}
		{BEAA207D-B03A-4915-809F-D7A2A128AA8B} = {B77DD0DB-EBB9-4C65-9CAE-4EEBE6A0DF7C}
		{F269DE5E-A51E-44B1-AE97-725682A9C084} = {5FE73452-C3C0-44B1-989F-88626CC1F689}
		{107346AE-3AD4-44AA-9F0A-644ED6CE33E7} = {F269DE5E-A51E-44B1-AE97-725682A9C084}
		{27A6F56F-597A-44E0-993D-9750EEF64724} = {F269DE5E-A51E-44B1-AE97-725682A9C084}
		{464B35EF-BF13-493D-86AD-E9C862E3FB27} = {F269DE5E-A51E-44B1-AE97-725682A9C084}
		{BEAFEC46-8623-4EEB-A012-D6FA3509E991} = {F269DE5E-A51E-44B1-AE97-725682A9C084}
		{7A165B6B-DAAB-48E3-BE62-A38E351000C7} = {DAFA7CD3-3174-43D5-BC27-716376DB4189}
		{551D2736-FC14-4AD6-B421-026DD513B5F8} = {C9BBDD45-EDD6-4DFD-BD52-DA6CEA7AD31E}
		{34B7AD36-16FD-4CB1-84DE-8A855C2F0D88} = {C9BBDD45-EDD6-4DFD-BD52-DA6CEA7AD31E}
		{465745E2-04D6-41A5-B7F4-199D4BD012CC} = {38386EE7-9633-46A1-86A2-8B8962E41CDF}
	EndGlobalSection
	GlobalSection(ProjectConfigurationPlatforms) = postSolution
		{4F22F930-6406-49BB-8E08-EC3435E5C28C}.Debug|Any CPU.ActiveCfg = Debug|Any CPU
		{4F22F930-6406-49BB-8E08-EC3435E5C28C}.Release|Any CPU.ActiveCfg = Release|Any CPU
		{4F22F930-6406-49BB-8E08-EC3435E5C28C}.Release|Any CPU.Build.0 = Release|Any CPU
		{4F22F930-6406-49BB-8E08-EC3435E5C28C}.Debug|Any CPU.Build.0 = Debug|Any CPU
		{2EC15DD9-B387-42D0-99ED-9EE1DBE18821}.Debug|Any CPU.ActiveCfg = Debug|Any CPU
		{2EC15DD9-B387-42D0-99ED-9EE1DBE18821}.Debug|Any CPU.Build.0 = Debug|Any CPU
		{2EC15DD9-B387-42D0-99ED-9EE1DBE18821}.Release|Any CPU.ActiveCfg = Release|Any CPU
		{2EC15DD9-B387-42D0-99ED-9EE1DBE18821}.Release|Any CPU.Build.0 = Release|Any CPU
		{2EC15DD9-B387-42D0-99ED-9EE1DBE18821}.Debug|Any CPU.Deploy.0 = Debug|Any CPU
		{C25FB7C3-1F6F-4143-940B-6E33D0A00EA8}.Debug|Any CPU.ActiveCfg = Debug|Any CPU
		{C25FB7C3-1F6F-4143-940B-6E33D0A00EA8}.Release|Any CPU.ActiveCfg = Release|Any CPU
		{C25FB7C3-1F6F-4143-940B-6E33D0A00EA8}.Release|Any CPU.Build.0 = Release|Any CPU
		{C25FB7C3-1F6F-4143-940B-6E33D0A00EA8}.Debug|Any CPU.Build.0 = Debug|Any CPU
		{BEAA207D-B03A-4915-809F-D7A2A128AA8B}.Debug|Any CPU.ActiveCfg = Debug|Any CPU
		{BEAA207D-B03A-4915-809F-D7A2A128AA8B}.Debug|Any CPU.Build.0 = Debug|Any CPU
		{BEAA207D-B03A-4915-809F-D7A2A128AA8B}.Release|Any CPU.ActiveCfg = Release|Any CPU
		{BEAA207D-B03A-4915-809F-D7A2A128AA8B}.Release|Any CPU.Build.0 = Release|Any CPU
		{BEAA207D-B03A-4915-809F-D7A2A128AA8B}.Debug|Any CPU.Deploy.0 = Debug|Any CPU
		{107346AE-3AD4-44AA-9F0A-644ED6CE33E7}.Debug|Any CPU.ActiveCfg = Debug|Any CPU
		{107346AE-3AD4-44AA-9F0A-644ED6CE33E7}.Debug|Any CPU.Build.0 = Debug|Any CPU
		{107346AE-3AD4-44AA-9F0A-644ED6CE33E7}.Release|Any CPU.ActiveCfg = Release|Any CPU
		{107346AE-3AD4-44AA-9F0A-644ED6CE33E7}.Release|Any CPU.Build.0 = Release|Any CPU
		{27A6F56F-597A-44E0-993D-9750EEF64724}.Debug|Any CPU.ActiveCfg = Debug|Any CPU
		{27A6F56F-597A-44E0-993D-9750EEF64724}.Debug|Any CPU.Build.0 = Debug|Any CPU
		{27A6F56F-597A-44E0-993D-9750EEF64724}.Release|Any CPU.ActiveCfg = Release|Any CPU
		{27A6F56F-597A-44E0-993D-9750EEF64724}.Release|Any CPU.Build.0 = Release|Any CPU
		{464B35EF-BF13-493D-86AD-E9C862E3FB27}.Debug|Any CPU.ActiveCfg = Debug|Any CPU
		{464B35EF-BF13-493D-86AD-E9C862E3FB27}.Debug|Any CPU.Build.0 = Debug|Any CPU
		{464B35EF-BF13-493D-86AD-E9C862E3FB27}.Release|Any CPU.ActiveCfg = Release|Any CPU
		{464B35EF-BF13-493D-86AD-E9C862E3FB27}.Release|Any CPU.Build.0 = Release|Any CPU
		{BEAFEC46-8623-4EEB-A012-D6FA3509E991}.Debug|Any CPU.ActiveCfg = Debug|Any CPU
		{BEAFEC46-8623-4EEB-A012-D6FA3509E991}.Debug|Any CPU.Build.0 = Debug|Any CPU
		{BEAFEC46-8623-4EEB-A012-D6FA3509E991}.Release|Any CPU.ActiveCfg = Release|Any CPU
		{BEAFEC46-8623-4EEB-A012-D6FA3509E991}.Release|Any CPU.Build.0 = Release|Any CPU
		{7A165B6B-DAAB-48E3-BE62-A38E351000C7}.Debug|Any CPU.ActiveCfg = Debug|Any CPU
		{7A165B6B-DAAB-48E3-BE62-A38E351000C7}.Debug|Any CPU.Build.0 = Debug|Any CPU
		{7A165B6B-DAAB-48E3-BE62-A38E351000C7}.Release|Any CPU.ActiveCfg = Release|Any CPU
		{7A165B6B-DAAB-48E3-BE62-A38E351000C7}.Release|Any CPU.Build.0 = Release|Any CPU
		{551D2736-FC14-4AD6-B421-026DD513B5F8}.Debug|Any CPU.ActiveCfg = Debug|Any CPU
		{551D2736-FC14-4AD6-B421-026DD513B5F8}.Debug|Any CPU.Build.0 = Debug|Any CPU
		{551D2736-FC14-4AD6-B421-026DD513B5F8}.Release|Any CPU.ActiveCfg = Release|Any CPU
		{551D2736-FC14-4AD6-B421-026DD513B5F8}.Release|Any CPU.Build.0 = Release|Any CPU
		{34B7AD36-16FD-4CB1-84DE-8A855C2F0D88}.Debug|Any CPU.ActiveCfg = Debug|Any CPU
		{34B7AD36-16FD-4CB1-84DE-8A855C2F0D88}.Debug|Any CPU.Build.0 = Debug|Any CPU
		{34B7AD36-16FD-4CB1-84DE-8A855C2F0D88}.Release|Any CPU.ActiveCfg = Release|Any CPU
		{34B7AD36-16FD-4CB1-84DE-8A855C2F0D88}.Release|Any CPU.Build.0 = Release|Any CPU
		{465745E2-04D6-41A5-B7F4-199D4BD012CC}.Debug|Any CPU.ActiveCfg = Debug|Any CPU
		{465745E2-04D6-41A5-B7F4-199D4BD012CC}.Debug|Any CPU.Build.0 = Debug|Any CPU
		{465745E2-04D6-41A5-B7F4-199D4BD012CC}.Release|Any CPU.ActiveCfg = Release|Any CPU
		{465745E2-04D6-41A5-B7F4-199D4BD012CC}.Release|Any CPU.Build.0 = Release|Any CPU
	EndGlobalSection
EndGlobal
